{
  "nodes": {
    "flake-parts": {
      "inputs": {
        "nixpkgs-lib": "nixpkgs-lib"
      },
      "locked": {
        "lastModified": 1675933616,
        "narHash": "sha256-/rczJkJHtx16IFxMmAWu5nNYcSXNg1YYXTHoGjLrLUA=",
        "owner": "hercules-ci",
        "repo": "flake-parts",
        "rev": "47478a4a003e745402acf63be7f9a092d51b83d7",
        "type": "github"
      },
      "original": {
        "owner": "hercules-ci",
        "repo": "flake-parts",
        "type": "github"
      }
    },
    "flatparse": {
      "flake": false,
      "locked": {
        "lastModified": 1676987256,
        "narHash": "sha256-Wtt/5dVe3ixHOpvYBOQXJKUJLGUgv5wfQzm3GR4//cI=",
        "owner": "AndrasKovacs",
        "repo": "flatparse",
        "rev": "2dca38dab5c164a73c987cb9f3bd0b9ea6789056",
        "type": "github"
      },
      "original": {
        "owner": "AndrasKovacs",
        "repo": "flatparse",
        "type": "github"
      }
    },
    "haskell-flake": {
      "locked": {
        "lastModified": 1677032155,
        "narHash": "sha256-BmOV2+RWLCXJBohl4QvY+pnokZnZuegBi4Bs1ZErwww=",
        "owner": "srid",
        "repo": "haskell-flake",
        "rev": "e0c8f32d30da6f7d4459db638ce1317b2435a07e",
        "type": "github"
      },
      "original": {
        "owner": "srid",
        "repo": "haskell-flake",
        "type": "github"
      }
    },
    "nixpkgs": {
      "locked": {
        "lastModified": 1677080879,
        "narHash": "sha256-0SjW4/d3Rkw6C7hHZ5lxT4r6Pw9vzQb6Il6zYWwe2Bo=",
        "owner": "nixos",
        "repo": "nixpkgs",
        "rev": "f5dad40450d272a1ea2413f4a67ac08760649e89",
        "type": "github"
      },
      "original": {
        "owner": "nixos",
        "ref": "nixpkgs-unstable",
        "repo": "nixpkgs",
        "type": "github"
      }
    },
    "nixpkgs-lib": {
      "locked": {
        "dir": "lib",
        "lastModified": 1675183161,
        "narHash": "sha256-Zq8sNgAxDckpn7tJo7V1afRSk2eoVbu3OjI1QklGLNg=",
        "owner": "NixOS",
        "repo": "nixpkgs",
        "rev": "e1e1b192c1a5aab2960bf0a0bd53a2e8124fa18e",
        "type": "github"
      },
      "original": {
        "dir": "lib",
        "owner": "NixOS",
        "ref": "nixos-unstable",
        "repo": "nixpkgs",
        "type": "github"
      }
    },
    "refined": {
      "flake": false,
      "locked": {
        "lastModified": 1677114862,
        "narHash": "sha256-4g7ryLW/EEExUhslPLPvNWUa8/CXOcneKOjURftfYfk=",
        "owner": "raehik",
        "repo": "refined",
        "rev": "550cccb45f8d12c6f508c829232673491847147a",
        "type": "github"
      },
      "original": {
        "owner": "raehik",
        "ref": "shift-typeable",
        "repo": "refined",
        "type": "github"
      }
    },
    "root": {
      "inputs": {
        "flake-parts": "flake-parts",
        "flatparse": "flatparse",
        "haskell-flake": "haskell-flake",
        "nixpkgs": "nixpkgs",
        "refined": "refined",
        "strongweak": "strongweak"
      }
    },
    "strongweak": {
      "flake": false,
      "locked": {
        "lastModified": 1677117730,
        "narHash": "sha256-TYvpY8l0sUqdJv3K9NoFg0grdZMDeJiC55PZNdnAs1k=",
        "owner": "raehik",
        "repo": "strongweak",
        "rev": "248f25937432e3884ec44170d8186ab7f325238e",
        "type": "github"
      },
      "original": {
        "owner": "raehik",
        "ref": "refined1-smaller-contexts",
        "repo": "strongweak",
        "type": "github"
      }
    }
  },
  "root": "root",
  "version": 7
}
