{
  "nodes": {
    "flake-parts": {
      "inputs": {
        "nixpkgs-lib": "nixpkgs-lib"
      },
      "locked": {
        "lastModified": 1687762428,
        "narHash": "sha256-DIf7mi45PKo+s8dOYF+UlXHzE0Wl/+k3tXUyAoAnoGE=",
        "owner": "hercules-ci",
        "repo": "flake-parts",
        "rev": "37dd7bb15791c86d55c5121740a1887ab55ee836",
        "type": "github"
      },
      "original": {
        "owner": "hercules-ci",
        "repo": "flake-parts",
        "type": "github"
      }
    },
    "generic-data-functions": {
      "flake": false,
      "locked": {
        "lastModified": 1687524153,
        "narHash": "sha256-xXi/lM5Yz7uXBSUNlRzubuiNtbXsYCMIy7baJjKXYpQ=",
        "owner": "raehik",
        "repo": "generic-data-functions",
        "rev": "c18ed13e6e4e61f4700b32b65df2831be2573817",
        "type": "github"
      },
      "original": {
        "owner": "raehik",
        "repo": "generic-data-functions",
        "type": "github"
      }
    },
    "haskell-flake": {
      "locked": {
        "lastModified": 1687547380,
        "narHash": "sha256-AHetxX1xCf87UcyExP3oJF5MDD7uVTsKD0SPGr9KEo8=",
        "owner": "srid",
        "repo": "haskell-flake",
        "rev": "57cd5068787de5571cc6dd60431a0fa255d12a1f",
        "type": "github"
      },
      "original": {
        "owner": "srid",
        "repo": "haskell-flake",
        "type": "github"
      }
    },
    "nixpkgs": {
      "locked": {
        "lastModified": 1687701825,
        "narHash": "sha256-aMC9hqsf+4tJL7aJWSdEUurW2TsjxtDcJBwM9Y4FIYM=",
        "owner": "nixos",
        "repo": "nixpkgs",
        "rev": "07059ee2fa34f1598758839b9af87eae7f7ae6ea",
        "type": "github"
      },
      "original": {
        "owner": "nixos",
        "ref": "nixpkgs-unstable",
        "repo": "nixpkgs",
        "type": "github"
      }
    },
    "nixpkgs-lib": {
      "locked": {
        "dir": "lib",
        "lastModified": 1685564631,
        "narHash": "sha256-8ywr3AkblY4++3lIVxmrWZFzac7+f32ZEhH/A8pNscI=",
        "owner": "NixOS",
        "repo": "nixpkgs",
        "rev": "4f53efe34b3a8877ac923b9350c874e3dcd5dc0a",
        "type": "github"
      },
      "original": {
        "dir": "lib",
        "owner": "NixOS",
        "ref": "nixos-unstable",
        "repo": "nixpkgs",
        "type": "github"
      }
    },
    "root": {
      "inputs": {
        "flake-parts": "flake-parts",
        "generic-data-functions": "generic-data-functions",
        "haskell-flake": "haskell-flake",
        "nixpkgs": "nixpkgs"
      }
    }
  },
  "root": "root",
  "version": 7
}
