{
  "nodes": {
    "flake-parts": {
      "inputs": {
        "nixpkgs-lib": "nixpkgs-lib"
      },
      "locked": {
        "lastModified": 1675933616,
        "narHash": "sha256-/rczJkJHtx16IFxMmAWu5nNYcSXNg1YYXTHoGjLrLUA=",
        "owner": "hercules-ci",
        "repo": "flake-parts",
        "rev": "47478a4a003e745402acf63be7f9a092d51b83d7",
        "type": "github"
      },
      "original": {
        "owner": "hercules-ci",
        "repo": "flake-parts",
        "type": "github"
      }
    },
    "flatparse": {
      "flake": false,
      "locked": {
        "lastModified": 1677162846,
        "narHash": "sha256-JisyV+XhdSRiYpr8n/+9fv4BG86mVM0sp+AbFsm32Mw=",
        "owner": "AndrasKovacs",
        "repo": "flatparse",
        "rev": "1018d296eeb5430757a5542f08edcfc5bd9a931f",
        "type": "github"
      },
      "original": {
        "owner": "AndrasKovacs",
        "repo": "flatparse",
        "type": "github"
      }
    },
    "haskell-flake": {
      "locked": {
        "lastModified": 1677285253,
        "narHash": "sha256-t5rFDhjINGxgt2eg0mmmcUTmX0ID5B3Z26L66PXhjPY=",
        "owner": "srid",
        "repo": "haskell-flake",
        "rev": "c98cf916691ecf0b21a3bdc1cbb633e80b7f280f",
        "type": "github"
      },
      "original": {
        "owner": "srid",
        "repo": "haskell-flake",
        "type": "github"
      }
    },
    "nixpkgs": {
      "locked": {
        "lastModified": 1677229269,
        "narHash": "sha256-awE2w6oi9rzQ8qj1lwKEDm6qIA0a239fiB+AyPjXR2w=",
        "owner": "nixos",
        "repo": "nixpkgs",
        "rev": "7d0ed7f2e5aea07ab22ccb338d27fbe347ed2f11",
        "type": "github"
      },
      "original": {
        "owner": "nixos",
        "ref": "nixpkgs-unstable",
        "repo": "nixpkgs",
        "type": "github"
      }
    },
    "nixpkgs-lib": {
      "locked": {
        "dir": "lib",
        "lastModified": 1675183161,
        "narHash": "sha256-Zq8sNgAxDckpn7tJo7V1afRSk2eoVbu3OjI1QklGLNg=",
        "owner": "NixOS",
        "repo": "nixpkgs",
        "rev": "e1e1b192c1a5aab2960bf0a0bd53a2e8124fa18e",
        "type": "github"
      },
      "original": {
        "dir": "lib",
        "owner": "NixOS",
        "ref": "nixos-unstable",
        "repo": "nixpkgs",
        "type": "github"
      }
    },
    "refined": {
      "flake": false,
      "locked": {
        "lastModified": 1677298579,
        "narHash": "sha256-LW624kYVLgTL9KNQia+RslnCxV9I6Wkv6alZmBkc4Co=",
        "owner": "raehik",
        "repo": "refined",
        "rev": "af25400b7844516ce06116fabe520a5e1bb2e44b",
        "type": "github"
      },
      "original": {
        "owner": "raehik",
        "ref": "refined1",
        "repo": "refined",
        "type": "github"
      }
    },
    "root": {
      "inputs": {
        "flake-parts": "flake-parts",
        "flatparse": "flatparse",
        "haskell-flake": "haskell-flake",
        "nixpkgs": "nixpkgs",
        "refined": "refined",
        "strongweak": "strongweak"
      }
    },
    "strongweak": {
      "flake": false,
      "locked": {
        "lastModified": 1677299077,
        "narHash": "sha256-x7u9heRK2erpjVpLB1snkD74JrDXpbFi7xIiFoTJnOM=",
        "owner": "raehik",
        "repo": "strongweak",
        "rev": "f9793d349c6211c7c2f0d55f619f58fd282181d7",
        "type": "github"
      },
      "original": {
        "owner": "raehik",
        "ref": "refined1",
        "repo": "strongweak",
        "type": "github"
      }
    }
  },
  "root": "root",
  "version": 7
}
