# This file was autogenerated by Stack.
# You should not edit this file by hand.
# For more information, please see the documentation at:
#   https://docs.haskellstack.org/en/stable/lock_files

packages:
- completed:
    name: refined
    version: 0.6.3
    git: https://github.com/nikita-volkov/refined
    pantry-tree:
      size: 779
      sha256: 30b0606568fdd1c19dd7b530322a7bd6c7f3911c285c4dd6247e29f2e8b2e116
    commit: 91566f4e313937b7315a401fd116fa0aa2a15f06
  original:
    git: https://github.com/nikita-volkov/refined
    commit: 91566f4e313937b7315a401fd116fa0aa2a15f06
- completed:
    name: flatparse
    version: 0.3.4.0
    git: https://github.com/AndrasKovacs/flatparse
    pantry-tree:
      size: 1505
      sha256: b9bfdd389cc5f39058d4cd0c31393f0ede214025bba5c0f997daa95239cc207b
    commit: c4b5dd8d4378377993697dac61ce1716e0ef19ea
  original:
    git: https://github.com/AndrasKovacs/flatparse
    commit: c4b5dd8d4378377993697dac61ce1716e0ef19ea
- completed:
    hackage: mason-0.2.5@sha256:44ead52c404f49006e4759d746b9008f8a6b2c642cbb27d26e7e25e7ba9a6f71,1221
    pantry-tree:
      size: 574
      sha256: 4eda0ef67a4f4475f8ab1dc38aca2a86ff5a522eab57e7c63ddc66b4da9bd874
  original:
    hackage: mason-0.2.5@sha256:44ead52c404f49006e4759d746b9008f8a6b2c642cbb27d26e7e25e7ba9a6f71,1221
- completed:
    hackage: text-icu-0.8.0.1@sha256:22d21c91e7a81f1ee5766b3406f4fe9df0ff8cc426581a861de3f6f2fa413449,4624
    pantry-tree:
      size: 3223
      sha256: 71ed32ecdce71adba6df6220e717b8ec4bd252cc403714c5c4ba70cf6d1aa1e4
  original:
    hackage: text-icu-0.8.0.1@sha256:22d21c91e7a81f1ee5766b3406f4fe9df0ff8cc426581a861de3f6f2fa413449,4624
- completed:
    hackage: strongweak-0.2.0@sha256:cce3ac14ba42b7d004c4511d4787375b127f890cd3085e539ce1328eda309520,3633
    pantry-tree:
      size: 1111
      sha256: 2a8c8dc184ded6d0ebb425287bf309be9fd46a63c7717371218d99230dc9b0ba
  original:
    hackage: strongweak-0.2.0@sha256:cce3ac14ba42b7d004c4511d4787375b127f890cd3085e539ce1328eda309520,3633
snapshots:
- completed:
    size: 539378
    url: https://raw.githubusercontent.com/commercialhaskell/stackage-snapshots/master/nightly/2022/3/30.yaml
    sha256: 745431a4c5b78cc93d81e99b2253a1e0eacd4f94e00cf17dab7cc14e665332e3
  original: nightly-2022-03-30
