# This file was autogenerated by Stack.
# You should not edit this file by hand.
# For more information, please see the documentation at:
#   https://docs.haskellstack.org/en/stable/lock_files

packages:
- completed:
    name: refined-with
    version: 0.1.0
    git: https://github.com/raehik/refined-with
    pantry-tree:
      size: 662
      sha256: a3a4188f29e18a707a03a5faa180651a41e481e58dde30cbbdb278156afd9643
    commit: d519581601ddce33d5be0a55bcf247c9df4e1093
  original:
    git: https://github.com/raehik/refined-with
    commit: d519581601ddce33d5be0a55bcf247c9df4e1093
snapshots:
- completed:
    size: 539378
    url: https://raw.githubusercontent.com/commercialhaskell/stackage-snapshots/master/nightly/2022/3/30.yaml
    sha256: 745431a4c5b78cc93d81e99b2253a1e0eacd4f94e00cf17dab7cc14e665332e3
  original: nightly-2022-03-30
