# This file was autogenerated by Stack.
# You should not edit this file by hand.
# For more information, please see the documentation at:
#   https://docs.haskellstack.org/en/stable/lock_files

packages:
- completed:
    name: refined
    version: 0.6.3
    git: https://github.com/raehik/refined
    pantry-tree:
      size: 779
      sha256: 30b0606568fdd1c19dd7b530322a7bd6c7f3911c285c4dd6247e29f2e8b2e116
    commit: 952e0348348aaf11c8b93c6e1ac6d33a0cbbb6b1
  original:
    git: https://github.com/raehik/refined
    commit: 952e0348348aaf11c8b93c6e1ac6d33a0cbbb6b1
- completed:
    name: cereal
    version: 0.5.8.2
    git: https://github.com/raehik/cereal
    pantry-tree:
      size: 1815
      sha256: 98f8da3898d7117cfc71de714d9cc07382739b921a0cba81f9c02c7b3d88eeaf
    commit: 1c2e1fc36bb1cd18eb4843a0998b938464005b01
  original:
    git: https://github.com/raehik/cereal
    commit: 1c2e1fc36bb1cd18eb4843a0998b938464005b01
snapshots:
- completed:
    size: 539378
    url: https://raw.githubusercontent.com/commercialhaskell/stackage-snapshots/master/nightly/2022/3/30.yaml
    sha256: 745431a4c5b78cc93d81e99b2253a1e0eacd4f94e00cf17dab7cc14e665332e3
  original: nightly-2022-03-30
